
Microsoft Visual Studio Solution File, Format Version 12.00
# Visual Studio 2012
Project("{FAE04EC0-301F-11D3-BF4B-00C04F79EFBC}") = "demoApp", "demoApp\demoApp.csproj", "{5D05936A-C3A2-4D0D-9555-876793245770}"
EndProject
Project("{FAE04EC0-301F-11D3-BF4B-00C04F79EFBC}") = "demoApp.iOS", "iOS\demoApp.iOS.csproj", "{59FB162E-B173-47B7-A379-507A9347DFBA}"
EndProject
Project("{FAE04EC0-301F-11D3-BF4B-00C04F79EFBC}") = "demoApp.Droid", "Droid\demoApp.Droid.csproj", "{3B663C80-E421-4060-92ED-E7FF42A71330}"
EndProject
Global
	GlobalSection(SolutionConfigurationPlatforms) = preSolution
		Debug|Any CPU = Debug|Any CPU
		Release|Any CPU = Release|Any CPU
		Debug|iPhoneSimulator = Debug|iPhoneSimulator
		Release|iPhone = Release|iPhone
		Release|iPhoneSimulator = Release|iPhoneSimulator
		Debug|iPhone = Debug|iPhone
	EndGlobalSection
	GlobalSection(ProjectConfigurationPlatforms) = postSolution
		{3B663C80-E421-4060-92ED-E7FF42A71330}.Debug|Any CPU.ActiveCfg = Debug|Any CPU
		{3B663C80-E421-4060-92ED-E7FF42A71330}.Debug|Any CPU.Build.0 = Debug|Any CPU
		{3B663C80-E421-4060-92ED-E7FF42A71330}.Debug|iPhone.ActiveCfg = Debug|Any CPU
		{3B663C80-E421-4060-92ED-E7FF42A71330}.Debug|iPhone.Build.0 = Debug|Any CPU
		{3B663C80-E421-4060-92ED-E7FF42A71330}.Debug|iPhoneSimulator.ActiveCfg = Debug|Any CPU
		{3B663C80-E421-4060-92ED-E7FF42A71330}.Debug|iPhoneSimulator.Build.0 = Debug|Any CPU
		{3B663C80-E421-4060-92ED-E7FF42A71330}.Release|Any CPU.ActiveCfg = Release|Any CPU
		{3B663C80-E421-4060-92ED-E7FF42A71330}.Release|Any CPU.Build.0 = Release|Any CPU
		{3B663C80-E421-4060-92ED-E7FF42A71330}.Release|iPhone.ActiveCfg = Release|Any CPU
		{3B663C80-E421-4060-92ED-E7FF42A71330}.Release|iPhone.Build.0 = Release|Any CPU
		{3B663C80-E421-4060-92ED-E7FF42A71330}.Release|iPhoneSimulator.ActiveCfg = Release|Any CPU
		{3B663C80-E421-4060-92ED-E7FF42A71330}.Release|iPhoneSimulator.Build.0 = Release|Any CPU
		{59FB162E-B173-47B7-A379-507A9347DFBA}.Debug|Any CPU.ActiveCfg = Debug|iPhoneSimulator
		{59FB162E-B173-47B7-A379-507A9347DFBA}.Debug|Any CPU.Build.0 = Debug|iPhoneSimulator
		{59FB162E-B173-47B7-A379-507A9347DFBA}.Debug|iPhone.ActiveCfg = Debug|iPhone
		{59FB162E-B173-47B7-A379-507A9347DFBA}.Debug|iPhone.Build.0 = Debug|iPhone
		{59FB162E-B173-47B7-A379-507A9347DFBA}.Debug|iPhoneSimulator.ActiveCfg = Debug|iPhoneSimulator
		{59FB162E-B173-47B7-A379-507A9347DFBA}.Debug|iPhoneSimulator.Build.0 = Debug|iPhoneSimulator
		{59FB162E-B173-47B7-A379-507A9347DFBA}.Release|Any CPU.ActiveCfg = Release|iPhone
		{59FB162E-B173-47B7-A379-507A9347DFBA}.Release|Any CPU.Build.0 = Release|iPhone
		{59FB162E-B173-47B7-A379-507A9347DFBA}.Release|iPhone.ActiveCfg = Release|iPhone
		{59FB162E-B173-47B7-A379-507A9347DFBA}.Release|iPhone.Build.0 = Release|iPhone
		{59FB162E-B173-47B7-A379-507A9347DFBA}.Release|iPhoneSimulator.ActiveCfg = Release|iPhoneSimulator
		{59FB162E-B173-47B7-A379-507A9347DFBA}.Release|iPhoneSimulator.Build.0 = Release|iPhoneSimulator
		{5D05936A-C3A2-4D0D-9555-876793245770}.Debug|Any CPU.ActiveCfg = Debug|Any CPU
		{5D05936A-C3A2-4D0D-9555-876793245770}.Debug|Any CPU.Build.0 = Debug|Any CPU
		{5D05936A-C3A2-4D0D-9555-876793245770}.Debug|iPhone.ActiveCfg = Debug|Any CPU
		{5D05936A-C3A2-4D0D-9555-876793245770}.Debug|iPhone.Build.0 = Debug|Any CPU
		{5D05936A-C3A2-4D0D-9555-876793245770}.Debug|iPhoneSimulator.ActiveCfg = Debug|Any CPU
		{5D05936A-C3A2-4D0D-9555-876793245770}.Debug|iPhoneSimulator.Build.0 = Debug|Any CPU
		{5D05936A-C3A2-4D0D-9555-876793245770}.Release|Any CPU.ActiveCfg = Release|Any CPU
		{5D05936A-C3A2-4D0D-9555-876793245770}.Release|Any CPU.Build.0 = Release|Any CPU
		{5D05936A-C3A2-4D0D-9555-876793245770}.Release|iPhone.ActiveCfg = Release|Any CPU
		{5D05936A-C3A2-4D0D-9555-876793245770}.Release|iPhone.Build.0 = Release|Any CPU
		{5D05936A-C3A2-4D0D-9555-876793245770}.Release|iPhoneSimulator.ActiveCfg = Release|Any CPU
		{5D05936A-C3A2-4D0D-9555-876793245770}.Release|iPhoneSimulator.Build.0 = Release|Any CPU
	EndGlobalSection
EndGlobal
